Microsoft Visual Studio Solution File, Format Version 12.00
# Visual Studio Version 17
VisualStudioVersion = 17.3.32922.545
MinimumVisualStudioVersion = 16.0.0.0
Project("{9A19103F-16F7-4668-BE54-9A1E7A4F7556}") = "Squads.Server", "src\Server\Squads.Server.csproj", "{4C6BE606-94BE-4995-92C0-81BE731F44AD}"
EndProject
Project("{9A19103F-16F7-4668-BE54-9A1E7A4F7556}") = "Squads.Client", "src\Client\Squads.Client.csproj", "{0E0E2C04-F338-4598-82F6-E43CC30E5A91}"
EndProject
Project("{9A19103F-16F7-4668-BE54-9A1E7A4F7556}") = "Squads.Shared", "src\Shared\Squads.Shared.csproj", "{A057C2E5-1EA1-4507-87F9-145BE2A44A7F}"
EndProject
Project("{2150E333-8FDC-42A3-9474-1A3956D46DE8}") = "src", "src", "{A20CA273-514D-4617-B4DA-5DAD4FEC3A35}"
EndProject
Project("{2150E333-8FDC-42A3-9474-1A3956D46DE8}") = "tests", "tests", "{E242142B-0656-41D6-AD7E-E582539CCE11}"
EndProject
Project("{9A19103F-16F7-4668-BE54-9A1E7A4F7556}") = "Domain", "src\Domain\Domain.csproj", "{9BF8A44D-501B-4537-906F-33762F2C7F08}"
EndProject
Project("{9A19103F-16F7-4668-BE54-9A1E7A4F7556}") = "Services", "src\Services\Services.csproj", "{71C14EF7-5E89-4DEE-AD4D-400756CC4CF8}"
EndProject
Project("{9A19103F-16F7-4668-BE54-9A1E7A4F7556}") = "Persistence", "src\Persistence\Persistence.csproj", "{7A875252-55EB-4FBE-9E8F-226D6FCB1595}"
EndProject
Project("{9A19103F-16F7-4668-BE54-9A1E7A4F7556}") = "Domain.Tests", "tests\Domain.Tests\Domain.Tests.csproj", "{04BBFF32-018A-44B7-ADC1-41F63778985D}"
EndProject
Global
	GlobalSection(SolutionConfigurationPlatforms) = preSolution
		Debug|Any CPU = Debug|Any CPU
		Debug|x64 = Debug|x64
		Debug|x86 = Debug|x86
		Release|Any CPU = Release|Any CPU
		Release|x64 = Release|x64
		Release|x86 = Release|x86
	EndGlobalSection
	GlobalSection(ProjectConfigurationPlatforms) = postSolution
		{4C6BE606-94BE-4995-92C0-81BE731F44AD}.Debug|Any CPU.ActiveCfg = Debug|Any CPU
		{4C6BE606-94BE-4995-92C0-81BE731F44AD}.Debug|Any CPU.Build.0 = Debug|Any CPU
		{4C6BE606-94BE-4995-92C0-81BE731F44AD}.Debug|x64.ActiveCfg = Debug|Any CPU
		{4C6BE606-94BE-4995-92C0-81BE731F44AD}.Debug|x64.Build.0 = Debug|Any CPU
		{4C6BE606-94BE-4995-92C0-81BE731F44AD}.Debug|x86.ActiveCfg = Debug|Any CPU
		{4C6BE606-94BE-4995-92C0-81BE731F44AD}.Debug|x86.Build.0 = Debug|Any CPU
		{4C6BE606-94BE-4995-92C0-81BE731F44AD}.Release|Any CPU.ActiveCfg = Release|Any CPU
		{4C6BE606-94BE-4995-92C0-81BE731F44AD}.Release|Any CPU.Build.0 = Release|Any CPU
		{4C6BE606-94BE-4995-92C0-81BE731F44AD}.Release|x64.ActiveCfg = Release|Any CPU
		{4C6BE606-94BE-4995-92C0-81BE731F44AD}.Release|x64.Build.0 = Release|Any CPU
		{4C6BE606-94BE-4995-92C0-81BE731F44AD}.Release|x86.ActiveCfg = Release|Any CPU
		{4C6BE606-94BE-4995-92C0-81BE731F44AD}.Release|x86.Build.0 = Release|Any CPU
		{0E0E2C04-F338-4598-82F6-E43CC30E5A91}.Debug|Any CPU.ActiveCfg = Debug|Any CPU
		{0E0E2C04-F338-4598-82F6-E43CC30E5A91}.Debug|Any CPU.Build.0 = Debug|Any CPU
		{0E0E2C04-F338-4598-82F6-E43CC30E5A91}.Debug|x64.ActiveCfg = Debug|Any CPU
		{0E0E2C04-F338-4598-82F6-E43CC30E5A91}.Debug|x64.Build.0 = Debug|Any CPU
		{0E0E2C04-F338-4598-82F6-E43CC30E5A91}.Debug|x86.ActiveCfg = Debug|Any CPU
		{0E0E2C04-F338-4598-82F6-E43CC30E5A91}.Debug|x86.Build.0 = Debug|Any CPU
		{0E0E2C04-F338-4598-82F6-E43CC30E5A91}.Release|Any CPU.ActiveCfg = Release|Any CPU
		{0E0E2C04-F338-4598-82F6-E43CC30E5A91}.Release|Any CPU.Build.0 = Release|Any CPU
		{0E0E2C04-F338-4598-82F6-E43CC30E5A91}.Release|x64.ActiveCfg = Release|Any CPU
		{0E0E2C04-F338-4598-82F6-E43CC30E5A91}.Release|x64.Build.0 = Release|Any CPU
		{0E0E2C04-F338-4598-82F6-E43CC30E5A91}.Release|x86.ActiveCfg = Release|Any CPU
		{0E0E2C04-F338-4598-82F6-E43CC30E5A91}.Release|x86.Build.0 = Release|Any CPU
		{A057C2E5-1EA1-4507-87F9-145BE2A44A7F}.Debug|Any CPU.ActiveCfg = Debug|Any CPU
		{A057C2E5-1EA1-4507-87F9-145BE2A44A7F}.Debug|Any CPU.Build.0 = Debug|Any CPU
		{A057C2E5-1EA1-4507-87F9-145BE2A44A7F}.Debug|x64.ActiveCfg = Debug|Any CPU
		{A057C2E5-1EA1-4507-87F9-145BE2A44A7F}.Debug|x64.Build.0 = Debug|Any CPU
		{A057C2E5-1EA1-4507-87F9-145BE2A44A7F}.Debug|x86.ActiveCfg = Debug|Any CPU
		{A057C2E5-1EA1-4507-87F9-145BE2A44A7F}.Debug|x86.Build.0 = Debug|Any CPU
		{A057C2E5-1EA1-4507-87F9-145BE2A44A7F}.Release|Any CPU.ActiveCfg = Release|Any CPU
		{A057C2E5-1EA1-4507-87F9-145BE2A44A7F}.Release|Any CPU.Build.0 = Release|Any CPU
		{A057C2E5-1EA1-4507-87F9-145BE2A44A7F}.Release|x64.ActiveCfg = Release|Any CPU
		{A057C2E5-1EA1-4507-87F9-145BE2A44A7F}.Release|x64.Build.0 = Release|Any CPU
		{A057C2E5-1EA1-4507-87F9-145BE2A44A7F}.Release|x86.ActiveCfg = Release|Any CPU
		{A057C2E5-1EA1-4507-87F9-145BE2A44A7F}.Release|x86.Build.0 = Release|Any CPU
		{9BF8A44D-501B-4537-906F-33762F2C7F08}.Debug|Any CPU.ActiveCfg = Debug|Any CPU
		{9BF8A44D-501B-4537-906F-33762F2C7F08}.Debug|Any CPU.Build.0 = Debug|Any CPU
		{9BF8A44D-501B-4537-906F-33762F2C7F08}.Debug|x64.ActiveCfg = Debug|Any CPU
		{9BF8A44D-501B-4537-906F-33762F2C7F08}.Debug|x64.Build.0 = Debug|Any CPU
		{9BF8A44D-501B-4537-906F-33762F2C7F08}.Debug|x86.ActiveCfg = Debug|Any CPU
		{9BF8A44D-501B-4537-906F-33762F2C7F08}.Debug|x86.Build.0 = Debug|Any CPU
		{9BF8A44D-501B-4537-906F-33762F2C7F08}.Release|Any CPU.ActiveCfg = Release|Any CPU
		{9BF8A44D-501B-4537-906F-33762F2C7F08}.Release|Any CPU.Build.0 = Release|Any CPU
		{9BF8A44D-501B-4537-906F-33762F2C7F08}.Release|x64.ActiveCfg = Release|Any CPU
		{9BF8A44D-501B-4537-906F-33762F2C7F08}.Release|x64.Build.0 = Release|Any CPU
		{9BF8A44D-501B-4537-906F-33762F2C7F08}.Release|x86.ActiveCfg = Release|Any CPU
		{9BF8A44D-501B-4537-906F-33762F2C7F08}.Release|x86.Build.0 = Release|Any CPU
		{71C14EF7-5E89-4DEE-AD4D-400756CC4CF8}.Debug|Any CPU.ActiveCfg = Debug|Any CPU
		{71C14EF7-5E89-4DEE-AD4D-400756CC4CF8}.Debug|Any CPU.Build.0 = Debug|Any CPU
		{71C14EF7-5E89-4DEE-AD4D-400756CC4CF8}.Debug|x64.ActiveCfg = Debug|Any CPU
		{71C14EF7-5E89-4DEE-AD4D-400756CC4CF8}.Debug|x64.Build.0 = Debug|Any CPU
		{71C14EF7-5E89-4DEE-AD4D-400756CC4CF8}.Debug|x86.ActiveCfg = Debug|Any CPU
		{71C14EF7-5E89-4DEE-AD4D-400756CC4CF8}.Debug|x86.Build.0 = Debug|Any CPU
		{71C14EF7-5E89-4DEE-AD4D-400756CC4CF8}.Release|Any CPU.ActiveCfg = Release|Any CPU
		{71C14EF7-5E89-4DEE-AD4D-400756CC4CF8}.Release|Any CPU.Build.0 = Release|Any CPU
		{71C14EF7-5E89-4DEE-AD4D-400756CC4CF8}.Release|x64.ActiveCfg = Release|Any CPU
		{71C14EF7-5E89-4DEE-AD4D-400756CC4CF8}.Release|x64.Build.0 = Release|Any CPU
		{71C14EF7-5E89-4DEE-AD4D-400756CC4CF8}.Release|x86.ActiveCfg = Release|Any CPU
		{71C14EF7-5E89-4DEE-AD4D-400756CC4CF8}.Release|x86.Build.0 = Release|Any CPU
		{7A875252-55EB-4FBE-9E8F-226D6FCB1595}.Debug|Any CPU.ActiveCfg = Debug|Any CPU
		{7A875252-55EB-4FBE-9E8F-226D6FCB1595}.Debug|Any CPU.Build.0 = Debug|Any CPU
		{7A875252-55EB-4FBE-9E8F-226D6FCB1595}.Debug|x64.ActiveCfg = Debug|Any CPU
		{7A875252-55EB-4FBE-9E8F-226D6FCB1595}.Debug|x64.Build.0 = Debug|Any CPU
		{7A875252-55EB-4FBE-9E8F-226D6FCB1595}.Debug|x86.ActiveCfg = Debug|Any CPU
		{7A875252-55EB-4FBE-9E8F-226D6FCB1595}.Debug|x86.Build.0 = Debug|Any CPU
		{7A875252-55EB-4FBE-9E8F-226D6FCB1595}.Release|Any CPU.ActiveCfg = Release|Any CPU
		{7A875252-55EB-4FBE-9E8F-226D6FCB1595}.Release|Any CPU.Build.0 = Release|Any CPU
		{7A875252-55EB-4FBE-9E8F-226D6FCB1595}.Release|x64.ActiveCfg = Release|Any CPU
		{7A875252-55EB-4FBE-9E8F-226D6FCB1595}.Release|x64.Build.0 = Release|Any CPU
		{7A875252-55EB-4FBE-9E8F-226D6FCB1595}.Release|x86.ActiveCfg = Release|Any CPU
		{7A875252-55EB-4FBE-9E8F-226D6FCB1595}.Release|x86.Build.0 = Release|Any CPU
		{04BBFF32-018A-44B7-ADC1-41F63778985D}.Debug|Any CPU.ActiveCfg = Debug|Any CPU
		{04BBFF32-018A-44B7-ADC1-41F63778985D}.Debug|Any CPU.Build.0 = Debug|Any CPU
		{04BBFF32-018A-44B7-ADC1-41F63778985D}.Debug|x64.ActiveCfg = Debug|Any CPU
		{04BBFF32-018A-44B7-ADC1-41F63778985D}.Debug|x64.Build.0 = Debug|Any CPU
		{04BBFF32-018A-44B7-ADC1-41F63778985D}.Debug|x86.ActiveCfg = Debug|Any CPU
		{04BBFF32-018A-44B7-ADC1-41F63778985D}.Debug|x86.Build.0 = Debug|Any CPU
		{04BBFF32-018A-44B7-ADC1-41F63778985D}.Release|Any CPU.ActiveCfg = Release|Any CPU
		{04BBFF32-018A-44B7-ADC1-41F63778985D}.Release|Any CPU.Build.0 = Release|Any CPU
		{04BBFF32-018A-44B7-ADC1-41F63778985D}.Release|x64.ActiveCfg = Release|Any CPU
		{04BBFF32-018A-44B7-ADC1-41F63778985D}.Release|x64.Build.0 = Release|Any CPU
		{04BBFF32-018A-44B7-ADC1-41F63778985D}.Release|x86.ActiveCfg = Release|Any CPU
		{04BBFF32-018A-44B7-ADC1-41F63778985D}.Release|x86.Build.0 = Release|Any CPU
	EndGlobalSection
	GlobalSection(SolutionProperties) = preSolution
		HideSolutionNode = FALSE
	EndGlobalSection
	GlobalSection(NestedProjects) = preSolution
		{4C6BE606-94BE-4995-92C0-81BE731F44AD} = {A20CA273-514D-4617-B4DA-5DAD4FEC3A35}
		{0E0E2C04-F338-4598-82F6-E43CC30E5A91} = {A20CA273-514D-4617-B4DA-5DAD4FEC3A35}
		{A057C2E5-1EA1-4507-87F9-145BE2A44A7F} = {A20CA273-514D-4617-B4DA-5DAD4FEC3A35}
		{9BF8A44D-501B-4537-906F-33762F2C7F08} = {A20CA273-514D-4617-B4DA-5DAD4FEC3A35}
		{71C14EF7-5E89-4DEE-AD4D-400756CC4CF8} = {A20CA273-514D-4617-B4DA-5DAD4FEC3A35}
		{7A875252-55EB-4FBE-9E8F-226D6FCB1595} = {A20CA273-514D-4617-B4DA-5DAD4FEC3A35}
		{04BBFF32-018A-44B7-ADC1-41F63778985D} = {E242142B-0656-41D6-AD7E-E582539CCE11}
	EndGlobalSection
	GlobalSection(ExtensibilityGlobals) = postSolution
		SolutionGuid = {74490AFF-BCDC-41CC-8186-10CE079E963E}
	EndGlobalSection
EndGlobal
